
Microsoft Visual Studio Solution File, Format Version 12.00
# Visual Studio 15
VisualStudioVersion = 15.0.27703.2018
MinimumVisualStudioVersion = 10.0.40219.1
Project("{FAE04EC0-301F-11D3-BF4B-00C04F79EFBC}") = "MNISTReader-console", "MNISTReader-console\MNISTReader-console.csproj", "{D66CB2C9-A8DE-4943-9E5E-E86CCCE28474}"
EndProject
Global
	GlobalSection(SolutionConfigurationPlatforms) = preSolution
		Debug|Any CPU = Debug|Any CPU
		Release|Any CPU = Release|Any CPU
	EndGlobalSection
	GlobalSection(ProjectConfigurationPlatforms) = postSolution
		{D66CB2C9-A8DE-4943-9E5E-E86CCCE28474}.Debug|Any CPU.ActiveCfg = Debug|Any CPU
		{D66CB2C9-A8DE-4943-9E5E-E86CCCE28474}.Debug|Any CPU.Build.0 = Debug|Any CPU
		{D66CB2C9-A8DE-4943-9E5E-E86CCCE28474}.Release|Any CPU.ActiveCfg = Release|Any CPU
		{D66CB2C9-A8DE-4943-9E5E-E86CCCE28474}.Release|Any CPU.Build.0 = Release|Any CPU
	EndGlobalSection
	GlobalSection(SolutionProperties) = preSolution
		HideSolutionNode = FALSE
	EndGlobalSection
	GlobalSection(ExtensibilityGlobals) = postSolution
		SolutionGuid = {848CDDEF-EACF-46A0-B3CB-0C6D4848CCBA}
	EndGlobalSection
EndGlobal
